
Microsoft Visual Studio Solution File, Format Version 12.00
# Visual Studio 15
VisualStudioVersion = 15.0.26228.102
MinimumVisualStudioVersion = 10.0.40219.1
Project("{FAE04EC0-301F-11D3-BF4B-00C04F79EFBC}") = "Echo013", "Echo013\Echo013.csproj", "{43CF8FA1-C3FC-4C13-9BAB-E654CD0B44DF}"
EndProject
Global
	GlobalSection(SolutionConfigurationPlatforms) = preSolution
		Debug|Any CPU = Debug|Any CPU
		Release|Any CPU = Release|Any CPU
	EndGlobalSection
	GlobalSection(ProjectConfigurationPlatforms) = postSolution
		{43CF8FA1-C3FC-4C13-9BAB-E654CD0B44DF}.Debug|Any CPU.ActiveCfg = Debug|Any CPU
		{43CF8FA1-C3FC-4C13-9BAB-E654CD0B44DF}.Debug|Any CPU.Build.0 = Debug|Any CPU
		{43CF8FA1-C3FC-4C13-9BAB-E654CD0B44DF}.Release|Any CPU.ActiveCfg = Release|Any CPU
		{43CF8FA1-C3FC-4C13-9BAB-E654CD0B44DF}.Release|Any CPU.Build.0 = Release|Any CPU
	EndGlobalSection
	GlobalSection(SolutionProperties) = preSolution
		HideSolutionNode = FALSE
	EndGlobalSection
EndGlobal
