
Microsoft Visual Studio Solution File, Format Version 12.00
# Visual Studio 15
VisualStudioVersion = 15.0.26228.102
MinimumVisualStudioVersion = 10.0.40219.1
Project("{FAE04EC0-301F-11D3-BF4B-00C04F79EFBC}") = "Echo040", "Echo040\Echo040.csproj", "{F3B1BA65-7FAB-4DB5-A680-4FF59FB393F2}"
EndProject
Global
	GlobalSection(SolutionConfigurationPlatforms) = preSolution
		Debug|Any CPU = Debug|Any CPU
		Release|Any CPU = Release|Any CPU
	EndGlobalSection
	GlobalSection(ProjectConfigurationPlatforms) = postSolution
		{F3B1BA65-7FAB-4DB5-A680-4FF59FB393F2}.Debug|Any CPU.ActiveCfg = Debug|Any CPU
		{F3B1BA65-7FAB-4DB5-A680-4FF59FB393F2}.Debug|Any CPU.Build.0 = Debug|Any CPU
		{F3B1BA65-7FAB-4DB5-A680-4FF59FB393F2}.Release|Any CPU.ActiveCfg = Release|Any CPU
		{F3B1BA65-7FAB-4DB5-A680-4FF59FB393F2}.Release|Any CPU.Build.0 = Release|Any CPU
	EndGlobalSection
	GlobalSection(SolutionProperties) = preSolution
		HideSolutionNode = FALSE
	EndGlobalSection
EndGlobal
