
Microsoft Visual Studio Solution File, Format Version 12.00
# Visual Studio 15
VisualStudioVersion = 15.0.26228.102
MinimumVisualStudioVersion = 10.0.40219.1
Project("{FAE04EC0-301F-11D3-BF4B-00C04F79EFBC}") = "Echo041", "Echo041\Echo041.csproj", "{BC82D0FF-EDAD-4797-8A40-94563B841194}"
EndProject
Global
	GlobalSection(SolutionConfigurationPlatforms) = preSolution
		Debug|Any CPU = Debug|Any CPU
		Release|Any CPU = Release|Any CPU
	EndGlobalSection
	GlobalSection(ProjectConfigurationPlatforms) = postSolution
		{BC82D0FF-EDAD-4797-8A40-94563B841194}.Debug|Any CPU.ActiveCfg = Debug|Any CPU
		{BC82D0FF-EDAD-4797-8A40-94563B841194}.Debug|Any CPU.Build.0 = Debug|Any CPU
		{BC82D0FF-EDAD-4797-8A40-94563B841194}.Release|Any CPU.ActiveCfg = Release|Any CPU
		{BC82D0FF-EDAD-4797-8A40-94563B841194}.Release|Any CPU.Build.0 = Release|Any CPU
	EndGlobalSection
	GlobalSection(SolutionProperties) = preSolution
		HideSolutionNode = FALSE
	EndGlobalSection
EndGlobal
