
Microsoft Visual Studio Solution File, Format Version 12.00
# Visual Studio 15
VisualStudioVersion = 15.0.27428.2005
MinimumVisualStudioVersion = 10.0.40219.1
Project("{FAE04EC0-301F-11D3-BF4B-00C04F79EFBC}") = "Echo025", "Echo025\Echo025.csproj", "{F2087824-C730-46AC-B9C6-CAEF715B0A48}"
EndProject
Global
	GlobalSection(SolutionConfigurationPlatforms) = preSolution
		Debug|Any CPU = Debug|Any CPU
		Release|Any CPU = Release|Any CPU
	EndGlobalSection
	GlobalSection(ProjectConfigurationPlatforms) = postSolution
		{F2087824-C730-46AC-B9C6-CAEF715B0A48}.Debug|Any CPU.ActiveCfg = Debug|Any CPU
		{F2087824-C730-46AC-B9C6-CAEF715B0A48}.Debug|Any CPU.Build.0 = Debug|Any CPU
		{F2087824-C730-46AC-B9C6-CAEF715B0A48}.Release|Any CPU.ActiveCfg = Release|Any CPU
		{F2087824-C730-46AC-B9C6-CAEF715B0A48}.Release|Any CPU.Build.0 = Release|Any CPU
	EndGlobalSection
	GlobalSection(SolutionProperties) = preSolution
		HideSolutionNode = FALSE
	EndGlobalSection
	GlobalSection(ExtensibilityGlobals) = postSolution
		SolutionGuid = {3554CEAD-FA16-4622-A600-74B90B23FF91}
	EndGlobalSection
EndGlobal
