
Microsoft Visual Studio Solution File, Format Version 12.00
# Visual Studio 15
VisualStudioVersion = 15.0.26228.102
MinimumVisualStudioVersion = 10.0.40219.1
Project("{FAE04EC0-301F-11D3-BF4B-00C04F79EFBC}") = "Echo009", "Echo009\Echo009.csproj", "{C47AB382-730E-4BFB-BB79-AC7A9E12BEFC}"
EndProject
Global
	GlobalSection(SolutionConfigurationPlatforms) = preSolution
		Debug|Any CPU = Debug|Any CPU
		Release|Any CPU = Release|Any CPU
	EndGlobalSection
	GlobalSection(ProjectConfigurationPlatforms) = postSolution
		{C47AB382-730E-4BFB-BB79-AC7A9E12BEFC}.Debug|Any CPU.ActiveCfg = Debug|Any CPU
		{C47AB382-730E-4BFB-BB79-AC7A9E12BEFC}.Debug|Any CPU.Build.0 = Debug|Any CPU
		{C47AB382-730E-4BFB-BB79-AC7A9E12BEFC}.Release|Any CPU.ActiveCfg = Release|Any CPU
		{C47AB382-730E-4BFB-BB79-AC7A9E12BEFC}.Release|Any CPU.Build.0 = Release|Any CPU
	EndGlobalSection
	GlobalSection(SolutionProperties) = preSolution
		HideSolutionNode = FALSE
	EndGlobalSection
EndGlobal
