
Microsoft Visual Studio Solution File, Format Version 12.00
# Visual Studio 15
VisualStudioVersion = 15.0.26228.102
MinimumVisualStudioVersion = 10.0.40219.1
Project("{FAE04EC0-301F-11D3-BF4B-00C04F79EFBC}") = "Echo061", "Echo061\Echo061.csproj", "{57267DDD-9073-41CA-A687-76870A4A4B5B}"
EndProject
Global
	GlobalSection(SolutionConfigurationPlatforms) = preSolution
		Debug|Any CPU = Debug|Any CPU
		Release|Any CPU = Release|Any CPU
	EndGlobalSection
	GlobalSection(ProjectConfigurationPlatforms) = postSolution
		{57267DDD-9073-41CA-A687-76870A4A4B5B}.Debug|Any CPU.ActiveCfg = Debug|Any CPU
		{57267DDD-9073-41CA-A687-76870A4A4B5B}.Debug|Any CPU.Build.0 = Debug|Any CPU
		{57267DDD-9073-41CA-A687-76870A4A4B5B}.Release|Any CPU.ActiveCfg = Release|Any CPU
		{57267DDD-9073-41CA-A687-76870A4A4B5B}.Release|Any CPU.Build.0 = Release|Any CPU
	EndGlobalSection
	GlobalSection(SolutionProperties) = preSolution
		HideSolutionNode = FALSE
	EndGlobalSection
EndGlobal
