
Microsoft Visual Studio Solution File, Format Version 12.00
# Visual Studio 15
VisualStudioVersion = 15.0.26228.102
MinimumVisualStudioVersion = 10.0.40219.1
Project("{FAE04EC0-301F-11D3-BF4B-00C04F79EFBC}") = "Echo030", "Echo030\Echo030.csproj", "{C0043EB6-4EF6-4FAA-8C0D-7280B9F32A87}"
EndProject
Global
	GlobalSection(SolutionConfigurationPlatforms) = preSolution
		Debug|Any CPU = Debug|Any CPU
		Release|Any CPU = Release|Any CPU
	EndGlobalSection
	GlobalSection(ProjectConfigurationPlatforms) = postSolution
		{C0043EB6-4EF6-4FAA-8C0D-7280B9F32A87}.Debug|Any CPU.ActiveCfg = Debug|Any CPU
		{C0043EB6-4EF6-4FAA-8C0D-7280B9F32A87}.Debug|Any CPU.Build.0 = Debug|Any CPU
		{C0043EB6-4EF6-4FAA-8C0D-7280B9F32A87}.Release|Any CPU.ActiveCfg = Release|Any CPU
		{C0043EB6-4EF6-4FAA-8C0D-7280B9F32A87}.Release|Any CPU.Build.0 = Release|Any CPU
	EndGlobalSection
	GlobalSection(SolutionProperties) = preSolution
		HideSolutionNode = FALSE
	EndGlobalSection
EndGlobal
