
Microsoft Visual Studio Solution File, Format Version 12.00
# Visual Studio 15
VisualStudioVersion = 15.0.27428.2005
MinimumVisualStudioVersion = 10.0.40219.1
Project("{FAE04EC0-301F-11D3-BF4B-00C04F79EFBC}") = "Echo022", "Echo022\Echo022.csproj", "{5F3A3384-C502-4C28-9C78-358FFED7F206}"
EndProject
Global
	GlobalSection(SolutionConfigurationPlatforms) = preSolution
		Debug|Any CPU = Debug|Any CPU
		Release|Any CPU = Release|Any CPU
	EndGlobalSection
	GlobalSection(ProjectConfigurationPlatforms) = postSolution
		{5F3A3384-C502-4C28-9C78-358FFED7F206}.Debug|Any CPU.ActiveCfg = Debug|Any CPU
		{5F3A3384-C502-4C28-9C78-358FFED7F206}.Debug|Any CPU.Build.0 = Debug|Any CPU
		{5F3A3384-C502-4C28-9C78-358FFED7F206}.Release|Any CPU.ActiveCfg = Release|Any CPU
		{5F3A3384-C502-4C28-9C78-358FFED7F206}.Release|Any CPU.Build.0 = Release|Any CPU
	EndGlobalSection
	GlobalSection(SolutionProperties) = preSolution
		HideSolutionNode = FALSE
	EndGlobalSection
	GlobalSection(ExtensibilityGlobals) = postSolution
		SolutionGuid = {1E803C27-85EA-4877-84F0-8CF394BDAD36}
	EndGlobalSection
EndGlobal
