
Microsoft Visual Studio Solution File, Format Version 12.00
# Visual Studio 15
VisualStudioVersion = 15.0.26228.102
MinimumVisualStudioVersion = 10.0.40219.1
Project("{FAE04EC0-301F-11D3-BF4B-00C04F79EFBC}") = "Echo018", "Echo018\Echo018.csproj", "{F373B754-9F27-420E-A3EA-1BDF8477FEDE}"
EndProject
Global
	GlobalSection(SolutionConfigurationPlatforms) = preSolution
		Debug|Any CPU = Debug|Any CPU
		Release|Any CPU = Release|Any CPU
	EndGlobalSection
	GlobalSection(ProjectConfigurationPlatforms) = postSolution
		{F373B754-9F27-420E-A3EA-1BDF8477FEDE}.Debug|Any CPU.ActiveCfg = Debug|Any CPU
		{F373B754-9F27-420E-A3EA-1BDF8477FEDE}.Debug|Any CPU.Build.0 = Debug|Any CPU
		{F373B754-9F27-420E-A3EA-1BDF8477FEDE}.Release|Any CPU.ActiveCfg = Release|Any CPU
		{F373B754-9F27-420E-A3EA-1BDF8477FEDE}.Release|Any CPU.Build.0 = Release|Any CPU
	EndGlobalSection
	GlobalSection(SolutionProperties) = preSolution
		HideSolutionNode = FALSE
	EndGlobalSection
EndGlobal
